// !$*UTF8*$!
{
	archiveVersion = 1;
	classes = {
	};
	objectVersion = 50;
	objects = {

/* Begin PBXBuildFile section */
		DF1DF3342419D6E700BFE171 /* RNSplashScreen.m in Sources */ = {isa = PBXBuildFile; fileRef = DF1DF3332419D6E700BFE171 /* RNSplashScreen.m */; };
		DF1DF3352419D6E700BFE171 /* RNSplashScreen.h in CopyFiles */ = {isa = PBXBuildFile; fileRef = DF1DF3322419D6E700BFE171 /* RNSplashScreen.h */; };
		DF1DF3552419EF9700BFE171 /* RNSplashScreen.h in Sources */ = {isa = PBXBuildFile; fileRef = DF1DF3322419D6E700BFE171 /* RNSplashScreen.h */; };
/* End PBXBuildFile section */

/* Begin PBXCopyFilesBuildPhase section */
		DF1DF32D2419D6E700BFE171 /* CopyFiles */ = {
			isa = PBXCopyFilesBuildPhase;
			buildActionMask = 2147483647;
			dstPath = "include/$(PRODUCT_NAME)";
			dstSubfolderSpec = 16;
			files = (
				DF1DF3352419D6E700BFE171 /* RNSplashScreen.h in CopyFiles */,
			);
			runOnlyForDeploymentPostprocessing = 0;
		};
/* End PBXCopyFilesBuildPhase section */

/* Begin PBXFileReference section */
		DF1DF32F2419D6E700BFE171 /* libRNSplashScreen.a */ = {isa = PBXFileReference; explicitFileType = archive.ar; includeInIndex = 0; path = libRNSplashScreen.a; sourceTree = BUILT_PRODUCTS_DIR; };
		DF1DF3322419D6E700BFE171 /* RNSplashScreen.h */ = {isa = PBXFileReference; lastKnownFileType = sourcecode.c.h; path = RNSplashScreen.h; sourceTree = "<group>"; };
		DF1DF3332419D6E700BFE171 /* RNSplashScreen.m */ = {isa = PBXFileReference; lastKnownFileType = sourcecode.c.objc; path = RNSplashScreen.m; sourceTree = "<group>"; };
		DF1DF3492419ED3100BFE171 /* libReact-Core.a */ = {isa = PBXFileReference; explicitFileType = archive.ar; path = "libReact-Core.a"; sourceTree = BUILT_PRODUCTS_DIR; };
/* End PBXFileReference section */

/* Begin PBXFrameworksBuildPhase section */
		DF1DF32C2419D6E700BFE171 /* Frameworks */ = {
			isa = PBXFrameworksBuildPhase;
			buildActionMask = 2147483647;
			files = (
			);
			runOnlyForDeploymentPostprocessing = 0;
		};
/* End PBXFrameworksBuildPhase section */

/* Begin PBXGroup section */
		DF1DF3262419D6E700BFE171 = {
			isa = PBXGroup;
			children = (
				DF1DF3312419D6E700BFE171 /* RNSplashScreen */,
				DF1DF3302419D6E700BFE171 /* Products */,
				DF1DF3482419ED3100BFE171 /* Frameworks */,
			);
			sourceTree = "<group>";
		};
		DF1DF3302419D6E700BFE171 /* Products */ = {
			isa = PBXGroup;
			children = (
				DF1DF32F2419D6E700BFE171 /* libRNSplashScreen.a */,
			);
			name = Products;
			sourceTree = "<group>";
		};
		DF1DF3312419D6E700BFE171 /* RNSplashScreen */ = {
			isa = PBXGroup;
			children = (
				DF1DF3322419D6E700BFE171 /* RNSplashScreen.h */,
				DF1DF3332419D6E700BFE171 /* RNSplashScreen.m */,
			);
			path = RNSplashScreen;
			sourceTree = "<group>";
		};
		DF1DF3482419ED3100BFE171 /* Frameworks */ = {
			isa = PBXGroup;
			children = (
				DF1DF3492419ED3100BFE171 /* libReact-Core.a */,
			);
			name = Frameworks;
			sourceTree = "<group>";
		};
/* End PBXGroup section */

/* Begin PBXNativeTarget section */
		DF1DF32E2419D6E700BFE171 /* RNSplashScreen */ = {
			isa = PBXNativeTarget;
			buildConfigurationList = DF1DF3382419D6E700BFE171 /* Build configuration list for PBXNativeTarget "RNSplashScreen" */;
			buildPhases = (
				DF1DF32B2419D6E700BFE171 /* Sources */,
				DF1DF32C2419D6E700BFE171 /* Frameworks */,
				DF1DF32D2419D6E700BFE171 /* CopyFiles */,
			);
			buildRules = (
			);
			dependencies = (
			);
			name = RNSplashScreen;
			productName = RNSplashScreen;
			productReference = DF1DF32F2419D6E700BFE171 /* libRNSplashScreen.a */;
			productType = "com.apple.product-type.library.static";
		};
/* End PBXNativeTarget section */

/* Begin PBXProject section */
		DF1DF3272419D6E700BFE171 /* Project object */ = {
			isa = PBXProject;
			attributes = {
				LastUpgradeCheck = 1020;
				ORGANIZATIONNAME = "Hu, Bodhi";
				TargetAttributes = {
					DF1DF32E2419D6E700BFE171 = {
						CreatedOnToolsVersion = 10.2.1;
					};
				};
			};
			buildConfigurationList = DF1DF32A2419D6E700BFE171 /* Build configuration list for PBXProject "RNSplashScreen" */;
			compatibilityVersion = "Xcode 9.3";
			developmentRegion = en;
			hasScannedForEncodings = 0;
			knownRegions = (
				en,
			);
			mainGroup = DF1DF3262419D6E700BFE171;
			productRefGroup = DF1DF3302419D6E700BFE171 /* Products */;
			projectDirPath = "";
			projectRoot = "";
			targets = (
				DF1DF32E2419D6E700BFE171 /* RNSplashScreen */,
			);
		};
/* End PBXProject section */

/* Begin PBXSourcesBuildPhase section */
		DF1DF32B2419D6E700BFE171 /* Sources */ = {
			isa = PBXSourcesBuildPhase;
			buildActionMask = 2147483647;
			files = (
				DF1DF3342419D6E700BFE171 /* RNSplashScreen.m in Sources */,
				DF1DF3552419EF9700BFE171 /* RNSplashScreen.h in Sources */,
			);
			runOnlyForDeploymentPostprocessing = 0;
		};
/* End PBXSourcesBuildPhase section */

/* Begin XCBuildConfiguration section */
		DF1DF3362419D6E700BFE171 /* Debug */ = {
			isa = XCBuildConfiguration;
			buildSettings = {
				ALWAYS_SEARCH_USER_PATHS = NO;
				CLANG_ANALYZER_NONNULL = YES;
				CLANG_ANALYZER_NUMBER_OBJECT_CONVERSION = YES_AGGRESSIVE;
				CLANG_CXX_LANGUAGE_STANDARD = "gnu++14";
				CLANG_CXX_LIBRARY = "libc++";
				CLANG_ENABLE_MODULES = YES;
				CLANG_ENABLE_OBJC_ARC = YES;
				CLANG_ENABLE_OBJC_WEAK = YES;
				CLANG_WARN_BLOCK_CAPTURE_AUTORELEASING = YES;
				CLANG_WARN_BOOL_CONVERSION = YES;
				CLANG_WARN_COMMA = YES;
				CLANG_WARN_CONSTANT_CONVERSION = YES;
				CLANG_WARN_DEPRECATED_OBJC_IMPLEMENTATIONS = YES;
				CLANG_WARN_DIRECT_OBJC_ISA_USAGE = YES_ERROR;
				CLANG_WARN_DOCUMENTATION_COMMENTS = YES;
				CLANG_WARN_EMPTY_BODY = YES;
				CLANG_WARN_ENUM_CONVERSION = YES;
				CLANG_WARN_INFINITE_RECURSION = YES;
				CLANG_WARN_INT_CONVERSION = YES;
				CLANG_WARN_NON_LITERAL_NULL_CONVERSION = YES;
				CLANG_WARN_OBJC_IMPLICIT_RETAIN_SELF = YES;
				CLANG_WARN_OBJC_LITERAL_CONVERSION = YES;
				CLANG_WARN_OBJC_ROOT_CLASS = YES_ERROR;
				CLANG_WARN_RANGE_LOOP_ANALYSIS = YES;
				CLANG_WARN_STRICT_PROTOTYPES = YES;
				CLANG_WARN_SUSPICIOUS_MOVE = YES;
				CLANG_WARN_UNGUARDED_AVAILABILITY = YES_AGGRESSIVE;
				CLANG_WARN_UNREACHABLE_CODE = YES;
				CLANG_WARN__DUPLICATE_METHOD_MATCH = YES;
				CODE_SIGN_IDENTITY = "iPhone Developer";
				COPY_PHASE_STRIP = NO;
				DEBUG_INFORMATION_FORMAT = dwarf;
				ENABLE_STRICT_OBJC_MSGSEND = YES;
				ENABLE_TESTABILITY = YES;
				GCC_C_LANGUAGE_STANDARD = gnu11;
				GCC_DYNAMIC_NO_PIC = NO;
				GCC_NO_COMMON_BLOCKS = YES;
				GCC_OPTIMIZATION_LEVEL = 0;
				GCC_PREPROCESSOR_DEFINITIONS = (
					"DEBUG=1",
					"$(inherited)",
				);
				GCC_WARN_64_TO_32_BIT_CONVERSION = YES;
				GCC_WARN_ABOUT_RETURN_TYPE = YES_ERROR;
				GCC_WARN_UNDECLARED_SELECTOR = YES;
				GCC_WARN_UNINITIALIZED_AUTOS = YES_AGGRESSIVE;
				GCC_WARN_UNUSED_FUNCTION = YES;
				GCC_WARN_UNUSED_VARIABLE = YES;
				HEADER_SEARCH_PATHS = "\"$(SRCROOT)/../../react-native\"/**";
				IPHONEOS_DEPLOYMENT_TARGET = 9.0;
				MTL_ENABLE_DEBUG_INFO = INCLUDE_SOURCE;
				MTL_FAST_MATH = YES;
				ONLY_ACTIVE_ARCH = YES;
				SDKROOT = iphoneos;
			};
			name = Debug;
		};
		DF1DF3372419D6E700BFE171 /* Release */ = {
			isa = XCBuildConfiguration;
			buildSettings = {
				ALWAYS_SEARCH_USER_PATHS = NO;
				CLANG_ANALYZER_NONNULL = YES;
				CLANG_ANALYZER_NUMBER_OBJECT_CONVERSION = YES_AGGRESSIVE;
				CLANG_CXX_LANGUAGE_STANDARD = "gnu++14";
				CLANG_CXX_LIBRARY = "libc++";
				CLANG_ENABLE_MODULES = YES;
				CLANG_ENABLE_OBJC_ARC = YES;
				CLANG_ENABLE_OBJC_WEAK = YES;
				CLANG_WARN_BLOCK_CAPTURE_AUTORELEASING = YES;
				CLANG_WARN_BOOL_CONVERSION = YES;
				CLANG_WARN_COMMA = YES;
				CLANG_WARN_CONSTANT_CONVERSION = YES;
				CLANG_WARN_DEPRECATED_OBJC_IMPLEMENTATIONS = YES;
				CLANG_WARN_DIRECT_OBJC_ISA_USAGE = YES_ERROR;
				CLANG_WARN_DOCUMENTATION_COMMENTS = YES;
				CLANG_WARN_EMPTY_BODY = YES;
				CLANG_WARN_ENUM_CONVERSION = YES;
				CLANG_WARN_INFINITE_RECURSION = YES;
				CLANG_WARN_INT_CONVERSION = YES;
				CLANG_WARN_NON_LITERAL_NULL_CONVERSION = YES;
				CLANG_WARN_OBJC_IMPLICIT_RETAIN_SELF = YES;
				CLANG_WARN_OBJC_LITERAL_CONVERSION = YES;
				CLANG_WARN_OBJC_ROOT_CLASS = YES_ERROR;
				CLANG_WARN_RANGE_LOOP_ANALYSIS = YES;
				CLANG_WARN_STRICT_PROTOTYPES = YES;
				CLANG_WARN_SUSPICIOUS_MOVE = YES;
				CLANG_WARN_UNGUARDED_AVAILABILITY = YES_AGGRESSIVE;
				CLANG_WARN_UNREACHABLE_CODE = YES;
				CLANG_WARN__DUPLICATE_METHOD_MATCH = YES;
				CODE_SIGN_IDENTITY = "iPhone Developer";
				COPY_PHASE_STRIP = NO;
				DEBUG_INFORMATION_FORMAT = "dwarf-with-dsym";
				ENABLE_NS_ASSERTIONS = NO;
				ENABLE_STRICT_OBJC_MSGSEND = YES;
				GCC_C_LANGUAGE_STANDARD = gnu11;
				GCC_NO_COMMON_BLOCKS = YES;
				GCC_WARN_64_TO_32_BIT_CONVERSION = YES;
				GCC_WARN_ABOUT_RETURN_TYPE = YES_ERROR;
				GCC_WARN_UNDECLARED_SELECTOR = YES;
				GCC_WARN_UNINITIALIZED_AUTOS = YES_AGGRESSIVE;
				GCC_WARN_UNUSED_FUNCTION = YES;
				GCC_WARN_UNUSED_VARIABLE = YES;
				HEADER_SEARCH_PATHS = "\"$(SRCROOT)/../../react-native\"/**";
				IPHONEOS_DEPLOYMENT_TARGET = 9.0;
				MTL_ENABLE_DEBUG_INFO = NO;
				MTL_FAST_MATH = YES;
				SDKROOT = iphoneos;
				VALIDATE_PRODUCT = YES;
			};
			name = Release;
		};
		DF1DF3392419D6E700BFE171 /* Debug */ = {
			isa = XCBuildConfiguration;
			buildSettings = {
				CODE_SIGN_STYLE = Automatic;
				OTHER_LDFLAGS = "-ObjC";
				PRODUCT_NAME = "$(TARGET_NAME)";
				SKIP_INSTALL = YES;
				TARGETED_DEVICE_FAMILY = "1,2";
			};
			name = Debug;
		};
		DF1DF33A2419D6E700BFE171 /* Release */ = {
			isa = XCBuildConfiguration;
			buildSettings = {
				CODE_SIGN_STYLE = Automatic;
				OTHER_LDFLAGS = "-ObjC";
				PRODUCT_NAME = "$(TARGET_NAME)";
				SKIP_INSTALL = YES;
				TARGETED_DEVICE_FAMILY = "1,2";
			};
			name = Release;
		};
/* End XCBuildConfiguration section */

/* Begin XCConfigurationList section */
		DF1DF32A2419D6E700BFE171 /* Build configuration list for PBXProject "RNSplashScreen" */ = {
			isa = XCConfigurationList;
			buildConfigurations = (
				DF1DF3362419D6E700BFE171 /* Debug */,
				DF1DF3372419D6E700BFE171 /* Release */,
			);
			defaultConfigurationIsVisible = 0;
			defaultConfigurationName = Release;
		};
		DF1DF3382419D6E700BFE171 /* Build configuration list for PBXNativeTarget "RNSplashScreen" */ = {
			isa = XCConfigurationList;
			buildConfigurations = (
				DF1DF3392419D6E700BFE171 /* Debug */,
				DF1DF33A2419D6E700BFE171 /* Release */,
			);
			defaultConfigurationIsVisible = 0;
			defaultConfigurationName = Release;
		};
/* End XCConfigurationList section */
	};
	rootObject = DF1DF3272419D6E700BFE171 /* Project object */;
}
